
Microsoft Visual Studio Solution File, Format Version 12.00
# Visual Studio Version 16
VisualStudioVersion = 16.0.30413.136
MinimumVisualStudioVersion = 10.0.40219.1
Project("{FAE04EC0-301F-11D3-BF4B-00C04F79EFBC}") = "System Log WPF", "System Log WPF.csproj", "{55DCE916-4ED1-4A7E-B833-DD56B31CF8E0}"
EndProject
Global
	GlobalSection(SolutionConfigurationPlatforms) = preSolution
		Debug|Any CPU = Debug|Any CPU
		Release|Any CPU = Release|Any CPU
	EndGlobalSection
	GlobalSection(ProjectConfigurationPlatforms) = postSolution
		{55DCE916-4ED1-4A7E-B833-DD56B31CF8E0}.Debug|Any CPU.ActiveCfg = Debug|Any CPU
		{55DCE916-4ED1-4A7E-B833-DD56B31CF8E0}.Debug|Any CPU.Build.0 = Debug|Any CPU
		{55DCE916-4ED1-4A7E-B833-DD56B31CF8E0}.Release|Any CPU.ActiveCfg = Release|Any CPU
		{55DCE916-4ED1-4A7E-B833-DD56B31CF8E0}.Release|Any CPU.Build.0 = Release|Any CPU
	EndGlobalSection
	GlobalSection(SolutionProperties) = preSolution
		HideSolutionNode = FALSE
	EndGlobalSection
	GlobalSection(ExtensibilityGlobals) = postSolution
		SolutionGuid = {CCD40D1A-8FCD-4FC8-BEAF-1752B60DA7EF}
	EndGlobalSection
EndGlobal
