{
  "requires": true,
  "lockfileVersion": 1,
  "dependencies": {
    "disk-space": {
      "version": "1.1.0",
      "resolved": "https://registry.npmjs.org/disk-space/-/disk-space-1.1.0.tgz",
      "integrity": "sha1-fe5nliZW8CHuEytv1cS7fG6iHfs="
    },
    "gpu-info": {
      "version": "0.0.1",
      "resolved": "https://registry.npmjs.org/gpu-info/-/gpu-info-0.0.1.tgz",
      "integrity": "sha1-UnVBBHuLFscWXt5HOkmdP/FnhME=",
      "requires": {
        "pegjs": "^0.10.0"
      }
    },
    "node-disk-info": {
      "version": "1.1.0",
      "resolved": "https://registry.npmjs.org/node-disk-info/-/node-disk-info-1.1.0.tgz",
      "integrity": "sha512-ZVuZuWBJvogO4i5ABHmFzKPMHaypCWn6RqwK5xeyU3wFUtv9yUNJi2fZRQ4Mreplf81PK+sONdWLHVdzVJ64wg=="
    },
    "pegjs": {
      "version": "0.10.0",
      "resolved": "https://registry.npmjs.org/pegjs/-/pegjs-0.10.0.tgz",
      "integrity": "sha1-z4uvrm7d/0tafvsYUmnqr0YQ3b0="
    },
    "systeminformation": {
      "version": "4.27.3",
      "resolved": "https://registry.npmjs.org/systeminformation/-/systeminformation-4.27.3.tgz",
      "integrity": "sha512-0Nc8AYEK818h7FI+bbe/kj7xXsMD5zOHvO9alUqQH/G4MHXu5tHQfWqC/bzWOk4JtoQPhnyLgxMYncDA2eeSBw=="
    }
  }
}
